
Microsoft Visual Studio Solution File, Format Version 12.00
# Visual Studio Version 17
VisualStudioVersion = 17.7.34003.232
MinimumVisualStudioVersion = 10.0.40219.1
Project("{FAE04EC0-301F-11D3-BF4B-00C04F79EFBC}") = "OrgOffering", "OrgOffering.csproj", "{3364B59C-659B-452A-B12C-3891F01E18ED}"
EndProject
Global
	GlobalSection(SolutionConfigurationPlatforms) = preSolution
		Debug|Any CPU = Debug|Any CPU
		Release|Any CPU = Release|Any CPU
	EndGlobalSection
	GlobalSection(ProjectConfigurationPlatforms) = postSolution
		{3364B59C-659B-452A-B12C-3891F01E18ED}.Debug|Any CPU.ActiveCfg = Debug|Any CPU
		{3364B59C-659B-452A-B12C-3891F01E18ED}.Debug|Any CPU.Build.0 = Debug|Any CPU
		{3364B59C-659B-452A-B12C-3891F01E18ED}.Release|Any CPU.ActiveCfg = Release|Any CPU
		{3364B59C-659B-452A-B12C-3891F01E18ED}.Release|Any CPU.Build.0 = Release|Any CPU
	EndGlobalSection
	GlobalSection(SolutionProperties) = preSolution
		HideSolutionNode = FALSE
	EndGlobalSection
	GlobalSection(ExtensibilityGlobals) = postSolution
		SolutionGuid = {D37CD722-BDA2-4159-BAF1-3D9152531731}
	EndGlobalSection
EndGlobal
